
Microsoft Visual Studio Solution File, Format Version 12.00
# Visual Studio Version 17
VisualStudioVersion = 17.5.33530.505
MinimumVisualStudioVersion = 10.0.40219.1
Project("{9A19103F-16F7-4668-BE54-9A1E7A4F7556}") = "DatabaseUsage", "DatabaseUsage\DatabaseUsage.csproj", "{23F8CB43-93A5-4246-982A-A41736239C6C}"
EndProject
Project("{9A19103F-16F7-4668-BE54-9A1E7A4F7556}") = "CoolShop.DAL", "CoolShop.DAL\CoolShop.DAL.csproj", "{74DC9B9F-23B3-44CB-9F9B-46F22726F802}"
EndProject
Global
	GlobalSection(SolutionConfigurationPlatforms) = preSolution
		Debug|Any CPU = Debug|Any CPU
		Release|Any CPU = Release|Any CPU
	EndGlobalSection
	GlobalSection(ProjectConfigurationPlatforms) = postSolution
		{23F8CB43-93A5-4246-982A-A41736239C6C}.Debug|Any CPU.ActiveCfg = Debug|Any CPU
		{23F8CB43-93A5-4246-982A-A41736239C6C}.Debug|Any CPU.Build.0 = Debug|Any CPU
		{23F8CB43-93A5-4246-982A-A41736239C6C}.Release|Any CPU.ActiveCfg = Release|Any CPU
		{23F8CB43-93A5-4246-982A-A41736239C6C}.Release|Any CPU.Build.0 = Release|Any CPU
		{74DC9B9F-23B3-44CB-9F9B-46F22726F802}.Debug|Any CPU.ActiveCfg = Debug|Any CPU
		{74DC9B9F-23B3-44CB-9F9B-46F22726F802}.Debug|Any CPU.Build.0 = Debug|Any CPU
		{74DC9B9F-23B3-44CB-9F9B-46F22726F802}.Release|Any CPU.ActiveCfg = Release|Any CPU
		{74DC9B9F-23B3-44CB-9F9B-46F22726F802}.Release|Any CPU.Build.0 = Release|Any CPU
	EndGlobalSection
	GlobalSection(SolutionProperties) = preSolution
		HideSolutionNode = FALSE
	EndGlobalSection
	GlobalSection(ExtensibilityGlobals) = postSolution
		SolutionGuid = {8C6B7A85-6A85-48C8-94F0-32CCD9C7A0D2}
	EndGlobalSection
EndGlobal
